PODS:
  - KTLoadingLabel (1.0.1)
  - KTLoadingView (0.1.0):
    - KTLoadingLabel
    - NVActivityIndicatorView
  - NVActivityIndicatorView (4.1.1):
    - NVActivityIndicatorView/Presenter (= 4.1.1)
  - NVActivityIndicatorView/Presenter (4.1.1)

DEPENDENCIES:
  - KTLoadingView (from `../`)

EXTERNAL SOURCES:
  KTLoadingView:
    :path: ../

SPEC CHECKSUMS:
  KTLoadingLabel: a98268e03fb9d43f45176fc6d77fe6f3de8a6312
  KTLoadingView: fda38cb718678f828a5dc6663ed7e71cfafa302d
  NVActivityIndicatorView: 60109b9bf46efc2e71ab81453196ccdfdfeea870

PODFILE CHECKSUM: dcabd23b21b8b299f648278b97fb2875a742f3e2

COCOAPODS: 1.4.0
